
Microsoft Visual Studio Solution File, Format Version 12.00
# Visual Studio Version 17
VisualStudioVersion = 17.8.34408.163
MinimumVisualStudioVersion = 10.0.40219.1
Project("{FAE04EC0-301F-11D3-BF4B-00C04F79EFBC}") = "task-2.4", "task-2.4\task-2.4.csproj", "{FA6AEF90-E116-4016-88AC-A8303FEE141D}"
EndProject
Global
	GlobalSection(SolutionConfigurationPlatforms) = preSolution
		Debug|Any CPU = Debug|Any CPU
		Release|Any CPU = Release|Any CPU
	EndGlobalSection
	GlobalSection(ProjectConfigurationPlatforms) = postSolution
		{FA6AEF90-E116-4016-88AC-A8303FEE141D}.Debug|Any CPU.ActiveCfg = Debug|Any CPU
		{FA6AEF90-E116-4016-88AC-A8303FEE141D}.Debug|Any CPU.Build.0 = Debug|Any CPU
		{FA6AEF90-E116-4016-88AC-A8303FEE141D}.Release|Any CPU.ActiveCfg = Release|Any CPU
		{FA6AEF90-E116-4016-88AC-A8303FEE141D}.Release|Any CPU.Build.0 = Release|Any CPU
	EndGlobalSection
	GlobalSection(SolutionProperties) = preSolution
		HideSolutionNode = FALSE
	EndGlobalSection
	GlobalSection(ExtensibilityGlobals) = postSolution
		SolutionGuid = {0D5F1503-BFC6-46C0-A5B5-76F18DE3CB74}
	EndGlobalSection
EndGlobal
