
Microsoft Visual Studio Solution File, Format Version 12.00
# Visual Studio Version 17
VisualStudioVersion = 17.8.34408.163
MinimumVisualStudioVersion = 10.0.40219.1
Project("{FAE04EC0-301F-11D3-BF4B-00C04F79EFBC}") = "task-9.1", "task-9.1\task-9.1.csproj", "{6074CDF5-A456-4FA7-9B32-8EDA863E08BA}"
EndProject
Project("{FAE04EC0-301F-11D3-BF4B-00C04F79EFBC}") = "task-9.11", "task-9.11\task-9.11.csproj", "{03ADB543-7A82-4F97-B52C-6EFA3FF9F053}"
EndProject
Global
	GlobalSection(SolutionConfigurationPlatforms) = preSolution
		Debug|Any CPU = Debug|Any CPU
		Release|Any CPU = Release|Any CPU
	EndGlobalSection
	GlobalSection(ProjectConfigurationPlatforms) = postSolution
		{6074CDF5-A456-4FA7-9B32-8EDA863E08BA}.Debug|Any CPU.ActiveCfg = Debug|Any CPU
		{6074CDF5-A456-4FA7-9B32-8EDA863E08BA}.Debug|Any CPU.Build.0 = Debug|Any CPU
		{6074CDF5-A456-4FA7-9B32-8EDA863E08BA}.Release|Any CPU.ActiveCfg = Release|Any CPU
		{6074CDF5-A456-4FA7-9B32-8EDA863E08BA}.Release|Any CPU.Build.0 = Release|Any CPU
		{03ADB543-7A82-4F97-B52C-6EFA3FF9F053}.Debug|Any CPU.ActiveCfg = Debug|Any CPU
		{03ADB543-7A82-4F97-B52C-6EFA3FF9F053}.Debug|Any CPU.Build.0 = Debug|Any CPU
		{03ADB543-7A82-4F97-B52C-6EFA3FF9F053}.Release|Any CPU.ActiveCfg = Release|Any CPU
		{03ADB543-7A82-4F97-B52C-6EFA3FF9F053}.Release|Any CPU.Build.0 = Release|Any CPU
	EndGlobalSection
	GlobalSection(SolutionProperties) = preSolution
		HideSolutionNode = FALSE
	EndGlobalSection
	GlobalSection(ExtensibilityGlobals) = postSolution
		SolutionGuid = {C4E7C39D-70ED-4890-930F-0D68AAAF459A}
	EndGlobalSection
EndGlobal
