
Microsoft Visual Studio Solution File, Format Version 12.00
# Visual Studio Version 17
VisualStudioVersion = 17.8.34408.163
MinimumVisualStudioVersion = 10.0.40219.1
Project("{FAE04EC0-301F-11D3-BF4B-00C04F79EFBC}") = "task-3.3", "task-3.3\task-3.3.csproj", "{8D31A949-2980-4083-86A9-E131D99ECBB4}"
EndProject
Global
	GlobalSection(SolutionConfigurationPlatforms) = preSolution
		Debug|Any CPU = Debug|Any CPU
		Release|Any CPU = Release|Any CPU
	EndGlobalSection
	GlobalSection(ProjectConfigurationPlatforms) = postSolution
		{8D31A949-2980-4083-86A9-E131D99ECBB4}.Debug|Any CPU.ActiveCfg = Debug|Any CPU
		{8D31A949-2980-4083-86A9-E131D99ECBB4}.Debug|Any CPU.Build.0 = Debug|Any CPU
		{8D31A949-2980-4083-86A9-E131D99ECBB4}.Release|Any CPU.ActiveCfg = Release|Any CPU
		{8D31A949-2980-4083-86A9-E131D99ECBB4}.Release|Any CPU.Build.0 = Release|Any CPU
	EndGlobalSection
	GlobalSection(SolutionProperties) = preSolution
		HideSolutionNode = FALSE
	EndGlobalSection
	GlobalSection(ExtensibilityGlobals) = postSolution
		SolutionGuid = {941D8CDC-2D5F-416E-96CD-478298CAA828}
	EndGlobalSection
EndGlobal
