
Microsoft Visual Studio Solution File, Format Version 12.00
# Visual Studio Version 17
VisualStudioVersion = 17.8.34408.163
MinimumVisualStudioVersion = 10.0.40219.1
Project("{FAE04EC0-301F-11D3-BF4B-00C04F79EFBC}") = "task-4.3", "task-4.3\task-4.3.csproj", "{FE2C21A3-EA32-4670-B9D0-1BC7524D0805}"
EndProject
Global
	GlobalSection(SolutionConfigurationPlatforms) = preSolution
		Debug|Any CPU = Debug|Any CPU
		Release|Any CPU = Release|Any CPU
	EndGlobalSection
	GlobalSection(ProjectConfigurationPlatforms) = postSolution
		{FE2C21A3-EA32-4670-B9D0-1BC7524D0805}.Debug|Any CPU.ActiveCfg = Debug|Any CPU
		{FE2C21A3-EA32-4670-B9D0-1BC7524D0805}.Debug|Any CPU.Build.0 = Debug|Any CPU
		{FE2C21A3-EA32-4670-B9D0-1BC7524D0805}.Release|Any CPU.ActiveCfg = Release|Any CPU
		{FE2C21A3-EA32-4670-B9D0-1BC7524D0805}.Release|Any CPU.Build.0 = Release|Any CPU
	EndGlobalSection
	GlobalSection(SolutionProperties) = preSolution
		HideSolutionNode = FALSE
	EndGlobalSection
	GlobalSection(ExtensibilityGlobals) = postSolution
		SolutionGuid = {F5FC53EB-66E9-4F58-8FC5-B1B71ADAC23E}
	EndGlobalSection
EndGlobal
